
Microsoft Visual Studio Solution File, Format Version 12.00
# Visual Studio 2012
Project("{FAE04EC0-301F-11D3-BF4B-00C04F79EFBC}") = "StringAnalysis", "StringAnalysis.csproj", "{0BA2AAC3-0805-4A85-9223-307E68AA65BE}"
EndProject
Project("{FAE04EC0-301F-11D3-BF4B-00C04F79EFBC}") = "StringAnalysisTests", "..\StringAnalysisTests\StringAnalysisTests.csproj", "{EA3BB73B-5CC6-4DD7-968C-F36469A17285}"
EndProject
Global
	GlobalSection(SolutionConfigurationPlatforms) = preSolution
		Debug|Any CPU = Debug|Any CPU
		Release|Any CPU = Release|Any CPU
	EndGlobalSection
	GlobalSection(ProjectConfigurationPlatforms) = postSolution
		{0BA2AAC3-0805-4A85-9223-307E68AA65BE}.Debug|Any CPU.ActiveCfg = Debug|Any CPU
		{0BA2AAC3-0805-4A85-9223-307E68AA65BE}.Debug|Any CPU.Build.0 = Debug|Any CPU
		{0BA2AAC3-0805-4A85-9223-307E68AA65BE}.Release|Any CPU.ActiveCfg = Release|Any CPU
		{0BA2AAC3-0805-4A85-9223-307E68AA65BE}.Release|Any CPU.Build.0 = Release|Any CPU
		{EA3BB73B-5CC6-4DD7-968C-F36469A17285}.Debug|Any CPU.ActiveCfg = Debug|Any CPU
		{EA3BB73B-5CC6-4DD7-968C-F36469A17285}.Debug|Any CPU.Build.0 = Debug|Any CPU
		{EA3BB73B-5CC6-4DD7-968C-F36469A17285}.Release|Any CPU.ActiveCfg = Release|Any CPU
		{EA3BB73B-5CC6-4DD7-968C-F36469A17285}.Release|Any CPU.Build.0 = Release|Any CPU
	EndGlobalSection
	GlobalSection(SolutionProperties) = preSolution
		HideSolutionNode = FALSE
	EndGlobalSection
EndGlobal
